PODS:
  - GCDWebServer/Core (3.5.4)
  - GCDWebServer/WebUploader (3.5.4):
    - GCDWebServer/Core
  - SnapKit (5.6.0)

DEPENDENCIES:
  - GCDWebServer/WebUploader
  - SnapKit

SPEC REPOS:
  trunk:
    - GCDWebServer
    - SnapKit

SPEC CHECKSUMS:
  GCDWebServer: 2c156a56c8226e2d5c0c3f208a3621ccffbe3ce4
  SnapKit: e01d52ebb8ddbc333eefe2132acf85c8227d9c25

PODFILE CHECKSUM: 10032e7d2a31021b9be75b92efe6e2d5fab832b5

COCOAPODS: 1.11.2
