// !$*UTF8*$!
{
	archiveVersion = 1;
	classes = {
	};
	objectVersion = 51;
	objects = {

/* Begin PBXBuildFile section */
		6C2C571324725B1B00265AAE /* AppDelegate.swift in Sources */ = {isa = PBXBuildFile; fileRef = 6C2C571224725B1B00265AAE /* AppDelegate.swift */; };
		6C2C571724725B1B00265AAE /* MainViewController.swift in Sources */ = {isa = PBXBuildFile; fileRef = 6C2C571624725B1B00265AAE /* MainViewController.swift */; };
		6C2C571A24725B1B00265AAE /* Main.storyboard in Resources */ = {isa = PBXBuildFile; fileRef = 6C2C571824725B1B00265AAE /* Main.storyboard */; };
		6C2C571C24725B1E00265AAE /* Assets.xcassets in Resources */ = {isa = PBXBuildFile; fileRef = 6C2C571B24725B1E00265AAE /* Assets.xcassets */; };
		6C2C571F24725B1E00265AAE /* LaunchScreen.storyboard in Resources */ = {isa = PBXBuildFile; fileRef = 6C2C571D24725B1E00265AAE /* LaunchScreen.storyboard */; };
		6C2C572A24725B1E00265AAE /* PoReaderTests.swift in Sources */ = {isa = PBXBuildFile; fileRef = 6C2C572924725B1E00265AAE /* PoReaderTests.swift */; };
		6C2C573524725B1E00265AAE /* PoReaderUITests.swift in Sources */ = {isa = PBXBuildFile; fileRef = 6C2C573424725B1E00265AAE /* PoReaderUITests.swift */; };
		6C2C574424725BD600265AAE /* ReaderViewController.swift in Sources */ = {isa = PBXBuildFile; fileRef = 6C2C574324725BD600265AAE /* ReaderViewController.swift */; };
		6C2C574624725CF600265AAE /* PageViewControllerDataSource.swift in Sources */ = {isa = PBXBuildFile; fileRef = 6C2C574524725CF600265AAE /* PageViewControllerDataSource.swift */; };
		6C2C574824725F5D00265AAE /* ChapterModel.swift in Sources */ = {isa = PBXBuildFile; fileRef = 6C2C574724725F5D00265AAE /* ChapterModel.swift */; };
		6C2C574A2472605E00265AAE /* String+Extension.swift in Sources */ = {isa = PBXBuildFile; fileRef = 6C2C57492472605E00265AAE /* String+Extension.swift */; };
		6C2C574E24726E3600265AAE /* PageItem.swift in Sources */ = {isa = PBXBuildFile; fileRef = 6C2C574D24726E3600265AAE /* PageItem.swift */; };
		6C464281247CEDB400D8E70B /* UIViewController+Extension.swift in Sources */ = {isa = PBXBuildFile; fileRef = 6C46427E247CEDB400D8E70B /* UIViewController+Extension.swift */; };
		6C464282247CEDB400D8E70B /* PoNavigationController.swift in Sources */ = {isa = PBXBuildFile; fileRef = 6C46427F247CEDB400D8E70B /* PoNavigationController.swift */; };
		6C464283247CEDB400D8E70B /* PoNavigationBarConfigure.swift in Sources */ = {isa = PBXBuildFile; fileRef = 6C464280247CEDB400D8E70B /* PoNavigationBarConfigure.swift */; };
		6C464285247CEE2C00D8E70B /* BaseNavigationController.swift in Sources */ = {isa = PBXBuildFile; fileRef = 6C464284247CEE2C00D8E70B /* BaseNavigationController.swift */; };
		6C464289247E162300D8E70B /* UIColor+Extension.swift in Sources */ = {isa = PBXBuildFile; fileRef = 6C464288247E162300D8E70B /* UIColor+Extension.swift */; };
		6C46428C247E4A8D00D8E70B /* Database.swift in Sources */ = {isa = PBXBuildFile; fileRef = 6C46428B247E4A8D00D8E70B /* Database.swift */; };
		6C4642AE247F4E8400D8E70B /* Constants.swift in Sources */ = {isa = PBXBuildFile; fileRef = 6C4642AD247F4E8400D8E70B /* Constants.swift */; };
		6C4642B0247F912A00D8E70B /* Appearance.swift in Sources */ = {isa = PBXBuildFile; fileRef = 6C4642AF247F912A00D8E70B /* Appearance.swift */; };
		6C4642B72480F1C100D8E70B /* ReversePageItem.swift in Sources */ = {isa = PBXBuildFile; fileRef = 6C4642B62480F1C100D8E70B /* ReversePageItem.swift */; };
		6C600663247617DE00896604 /* UIDevice+Extension.swift in Sources */ = {isa = PBXBuildFile; fileRef = 6C600662247617DE00896604 /* UIDevice+Extension.swift */; };
		6C60066724761D4300896604 /* PoAsyncLayer.swift in Sources */ = {isa = PBXBuildFile; fileRef = 6C60066624761D4300896604 /* PoAsyncLayer.swift */; };
		6C60066924761D7100896604 /* PoSentinel.swift in Sources */ = {isa = PBXBuildFile; fileRef = 6C60066824761D7100896604 /* PoSentinel.swift */; };
		6C60066B24766F4B00896604 /* UploaderViewController.swift in Sources */ = {isa = PBXBuildFile; fileRef = 6C60066A24766F4B00896604 /* UploaderViewController.swift */; };
		6C60066F24776BAB00896604 /* PropertyWrapper.swift in Sources */ = {isa = PBXBuildFile; fileRef = 6C60066E24776BAB00896604 /* PropertyWrapper.swift */; };
		6C60067124776EDA00896604 /* UserDefaults+Extension.swift in Sources */ = {isa = PBXBuildFile; fileRef = 6C60067024776EDA00896604 /* UserDefaults+Extension.swift */; };
		6C60067324777D1E00896604 /* PoSQLite.swift in Sources */ = {isa = PBXBuildFile; fileRef = 6C60067224777D1E00896604 /* PoSQLite.swift */; };
		6C6006752479290900896604 /* choose_uncheck@2x.png in Resources */ = {isa = PBXBuildFile; fileRef = 6C6006742479290900896604 /* choose_uncheck@2x.png */; };
		6C6006772479291900896604 /* choose_check@2x.png in Resources */ = {isa = PBXBuildFile; fileRef = 6C6006762479291900896604 /* choose_check@2x.png */; };
		6CC98B552473C3410051135E /* BookCell.swift in Sources */ = {isa = PBXBuildFile; fileRef = 6CC98B542473C3410051135E /* BookCell.swift */; };
		6CD342FE2473C9000011AD46 /* MainViewModel.swift in Sources */ = {isa = PBXBuildFile; fileRef = 6CD342FD2473C9000011AD46 /* MainViewModel.swift */; };
		6CD343002473C95C0011AD46 /* BookModel.swift in Sources */ = {isa = PBXBuildFile; fileRef = 6CD342FF2473C95C0011AD46 /* BookModel.swift */; };
		6CD343032473CA040011AD46 /* BaseViewController.swift in Sources */ = {isa = PBXBuildFile; fileRef = 6CD343022473CA040011AD46 /* BaseViewController.swift */; };
		6CD343052473CA880011AD46 /* BaseViewModel.swift in Sources */ = {isa = PBXBuildFile; fileRef = 6CD343042473CA880011AD46 /* BaseViewModel.swift */; };
		6CD343172474D99A0011AD46 /* ReaderBottomBar.swift in Sources */ = {isa = PBXBuildFile; fileRef = 6CD343162474D99A0011AD46 /* ReaderBottomBar.swift */; };
		6CD343262475002E0011AD46 /* reader_bg@2x.png in Resources */ = {isa = PBXBuildFile; fileRef = 6CD3431E2475002E0011AD46 /* reader_bg@2x.png */; };
		787A79F91D7E2E4E69387066 /* Pods_PoReaderTests.framework in Frameworks */ = {isa = PBXBuildFile; fileRef = 67F65485CED7BF9138D4EA9A /* Pods_PoReaderTests.framework */; };
		A8C1699A827FAC6E3C564F29 /* Pods_PoReader_PoReaderUITests.framework in Frameworks */ = {isa = PBXBuildFile; fileRef = 06DB14931417AA0CECC696DD /* Pods_PoReader_PoReaderUITests.framework */; };
		C94112DE2710C12EEDEE51B9 /* Pods_PoReader.framework in Frameworks */ = {isa = PBXBuildFile; fileRef = 4DAA309BE0B1C766B8F9DB09 /* Pods_PoReader.framework */; };
/* End PBXBuildFile section */

/* Begin PBXContainerItemProxy section */
		6C2C572624725B1E00265AAE /* PBXContainerItemProxy */ = {
			isa = PBXContainerItemProxy;
			containerPortal = 6C2C570724725B1B00265AAE /* Project object */;
			proxyType = 1;
			remoteGlobalIDString = 6C2C570E24725B1B00265AAE;
			remoteInfo = PoReader;
		};
		6C2C573124725B1E00265AAE /* PBXContainerItemProxy */ = {
			isa = PBXContainerItemProxy;
			containerPortal = 6C2C570724725B1B00265AAE /* Project object */;
			proxyType = 1;
			remoteGlobalIDString = 6C2C570E24725B1B00265AAE;
			remoteInfo = PoReader;
		};
/* End PBXContainerItemProxy section */

/* Begin PBXFileReference section */
		06DB14931417AA0CECC696DD /* Pods_PoReader_PoReaderUITests.framework */ = {isa = PBXFileReference; explicitFileType = wrapper.framework; includeInIndex = 0; path = Pods_PoReader_PoReaderUITests.framework; sourceTree = BUILT_PRODUCTS_DIR; };
		46ED50B3131B5D523F36AACC /* Pods-PoReaderTests.debug.xcconfig */ = {isa = PBXFileReference; includeInIndex = 1; lastKnownFileType = text.xcconfig; name = "Pods-PoReaderTests.debug.xcconfig"; path = "Target Support Files/Pods-PoReaderTests/Pods-PoReaderTests.debug.xcconfig"; sourceTree = "<group>"; };
		4DAA309BE0B1C766B8F9DB09 /* Pods_PoReader.framework */ = {isa = PBXFileReference; explicitFileType = wrapper.framework; includeInIndex = 0; path = Pods_PoReader.framework; sourceTree = BUILT_PRODUCTS_DIR; };
		663847736221DBE9E2AFAEF3 /* Pods-PoReader.debug.xcconfig */ = {isa = PBXFileReference; includeInIndex = 1; lastKnownFileType = text.xcconfig; name = "Pods-PoReader.debug.xcconfig"; path = "Target Support Files/Pods-PoReader/Pods-PoReader.debug.xcconfig"; sourceTree = "<group>"; };
		67F65485CED7BF9138D4EA9A /* Pods_PoReaderTests.framework */ = {isa = PBXFileReference; explicitFileType = wrapper.framework; includeInIndex = 0; path = Pods_PoReaderTests.framework; sourceTree = BUILT_PRODUCTS_DIR; };
		6C2C570F24725B1B00265AAE /* PoReader.app */ = {isa = PBXFileReference; explicitFileType = wrapper.application; includeInIndex = 0; path = PoReader.app; sourceTree = BUILT_PRODUCTS_DIR; };
		6C2C571224725B1B00265AAE /* AppDelegate.swift */ = {isa = PBXFileReference; lastKnownFileType = sourcecode.swift; path = AppDelegate.swift; sourceTree = "<group>"; };
		6C2C571624725B1B00265AAE /* MainViewController.swift */ = {isa = PBXFileReference; lastKnownFileType = sourcecode.swift; path = MainViewController.swift; sourceTree = "<group>"; };
		6C2C571924725B1B00265AAE /* Base */ = {isa = PBXFileReference; lastKnownFileType = file.storyboard; name = Base; path = Base.lproj/Main.storyboard; sourceTree = "<group>"; };
		6C2C571B24725B1E00265AAE /* Assets.xcassets */ = {isa = PBXFileReference; lastKnownFileType = folder.assetcatalog; path = Assets.xcassets; sourceTree = "<group>"; };
		6C2C571E24725B1E00265AAE /* Base */ = {isa = PBXFileReference; lastKnownFileType = file.storyboard; name = Base; path = Base.lproj/LaunchScreen.storyboard; sourceTree = "<group>"; };
		6C2C572024725B1E00265AAE /* Info.plist */ = {isa = PBXFileReference; lastKnownFileType = text.plist.xml; path = Info.plist; sourceTree = "<group>"; };
		6C2C572524725B1E00265AAE /* PoReaderTests.xctest */ = {isa = PBXFileReference; explicitFileType = wrapper.cfbundle; includeInIndex = 0; path = PoReaderTests.xctest; sourceTree = BUILT_PRODUCTS_DIR; };
		6C2C572924725B1E00265AAE /* PoReaderTests.swift */ = {isa = PBXFileReference; lastKnownFileType = sourcecode.swift; path = PoReaderTests.swift; sourceTree = "<group>"; };
		6C2C572B24725B1E00265AAE /* Info.plist */ = {isa = PBXFileReference; lastKnownFileType = text.plist.xml; path = Info.plist; sourceTree = "<group>"; };
		6C2C573024725B1E00265AAE /* PoReaderUITests.xctest */ = {isa = PBXFileReference; explicitFileType = wrapper.cfbundle; includeInIndex = 0; path = PoReaderUITests.xctest; sourceTree = BUILT_PRODUCTS_DIR; };
		6C2C573424725B1E00265AAE /* PoReaderUITests.swift */ = {isa = PBXFileReference; lastKnownFileType = sourcecode.swift; path = PoReaderUITests.swift; sourceTree = "<group>"; };
		6C2C573624725B1E00265AAE /* Info.plist */ = {isa = PBXFileReference; lastKnownFileType = text.plist.xml; path = Info.plist; sourceTree = "<group>"; };
		6C2C574324725BD600265AAE /* ReaderViewController.swift */ = {isa = PBXFileReference; lastKnownFileType = sourcecode.swift; path = ReaderViewController.swift; sourceTree = "<group>"; };
		6C2C574524725CF600265AAE /* PageViewControllerDataSource.swift */ = {isa = PBXFileReference; lastKnownFileType = sourcecode.swift; path = PageViewControllerDataSource.swift; sourceTree = "<group>"; };
		6C2C574724725F5D00265AAE /* ChapterModel.swift */ = {isa = PBXFileReference; lastKnownFileType = sourcecode.swift; path = ChapterModel.swift; sourceTree = "<group>"; };
		6C2C57492472605E00265AAE /* String+Extension.swift */ = {isa = PBXFileReference; lastKnownFileType = sourcecode.swift; path = "String+Extension.swift"; sourceTree = "<group>"; };
		6C2C574D24726E3600265AAE /* PageItem.swift */ = {isa = PBXFileReference; lastKnownFileType = sourcecode.swift; path = PageItem.swift; sourceTree = "<group>"; };
		6C46427E247CEDB400D8E70B /* UIViewController+Extension.swift */ = {isa = PBXFileReference; fileEncoding = 4; lastKnownFileType = sourcecode.swift; path = "UIViewController+Extension.swift"; sourceTree = "<group>"; };
		6C46427F247CEDB400D8E70B /* PoNavigationController.swift */ = {isa = PBXFileReference; fileEncoding = 4; lastKnownFileType = sourcecode.swift; path = PoNavigationController.swift; sourceTree = "<group>"; };
		6C464280247CEDB400D8E70B /* PoNavigationBarConfigure.swift */ = {isa = PBXFileReference; fileEncoding = 4; lastKnownFileType = sourcecode.swift; path = PoNavigationBarConfigure.swift; sourceTree = "<group>"; };
		6C464284247CEE2C00D8E70B /* BaseNavigationController.swift */ = {isa = PBXFileReference; lastKnownFileType = sourcecode.swift; path = BaseNavigationController.swift; sourceTree = "<group>"; };
		6C464288247E162300D8E70B /* UIColor+Extension.swift */ = {isa = PBXFileReference; lastKnownFileType = sourcecode.swift; path = "UIColor+Extension.swift"; sourceTree = "<group>"; };
		6C46428B247E4A8D00D8E70B /* Database.swift */ = {isa = PBXFileReference; lastKnownFileType = sourcecode.swift; path = Database.swift; sourceTree = "<group>"; };
		6C4642AD247F4E8400D8E70B /* Constants.swift */ = {isa = PBXFileReference; lastKnownFileType = sourcecode.swift; path = Constants.swift; sourceTree = "<group>"; };
		6C4642AF247F912A00D8E70B /* Appearance.swift */ = {isa = PBXFileReference; lastKnownFileType = sourcecode.swift; path = Appearance.swift; sourceTree = "<group>"; };
		6C4642B62480F1C100D8E70B /* ReversePageItem.swift */ = {isa = PBXFileReference; lastKnownFileType = sourcecode.swift; path = ReversePageItem.swift; sourceTree = "<group>"; };
		6C600662247617DE00896604 /* UIDevice+Extension.swift */ = {isa = PBXFileReference; lastKnownFileType = sourcecode.swift; path = "UIDevice+Extension.swift"; sourceTree = "<group>"; };
		6C60066624761D4300896604 /* PoAsyncLayer.swift */ = {isa = PBXFileReference; fileEncoding = 4; lastKnownFileType = sourcecode.swift; path = PoAsyncLayer.swift; sourceTree = "<group>"; };
		6C60066824761D7100896604 /* PoSentinel.swift */ = {isa = PBXFileReference; fileEncoding = 4; lastKnownFileType = sourcecode.swift; path = PoSentinel.swift; sourceTree = "<group>"; };
		6C60066A24766F4B00896604 /* UploaderViewController.swift */ = {isa = PBXFileReference; lastKnownFileType = sourcecode.swift; path = UploaderViewController.swift; sourceTree = "<group>"; };
		6C60066E24776BAB00896604 /* PropertyWrapper.swift */ = {isa = PBXFileReference; lastKnownFileType = sourcecode.swift; path = PropertyWrapper.swift; sourceTree = "<group>"; };
		6C60067024776EDA00896604 /* UserDefaults+Extension.swift */ = {isa = PBXFileReference; lastKnownFileType = sourcecode.swift; path = "UserDefaults+Extension.swift"; sourceTree = "<group>"; };
		6C60067224777D1E00896604 /* PoSQLite.swift */ = {isa = PBXFileReference; fileEncoding = 4; lastKnownFileType = sourcecode.swift; path = PoSQLite.swift; sourceTree = "<group>"; };
		6C6006742479290900896604 /* choose_uncheck@2x.png */ = {isa = PBXFileReference; lastKnownFileType = image.png; path = "choose_uncheck@2x.png"; sourceTree = "<group>"; };
		6C6006762479291900896604 /* choose_check@2x.png */ = {isa = PBXFileReference; lastKnownFileType = image.png; path = "choose_check@2x.png"; sourceTree = "<group>"; };
		6CC98B542473C3410051135E /* BookCell.swift */ = {isa = PBXFileReference; lastKnownFileType = sourcecode.swift; path = BookCell.swift; sourceTree = "<group>"; };
		6CD342FD2473C9000011AD46 /* MainViewModel.swift */ = {isa = PBXFileReference; lastKnownFileType = sourcecode.swift; path = MainViewModel.swift; sourceTree = "<group>"; };
		6CD342FF2473C95C0011AD46 /* BookModel.swift */ = {isa = PBXFileReference; lastKnownFileType = sourcecode.swift; path = BookModel.swift; sourceTree = "<group>"; };
		6CD343022473CA040011AD46 /* BaseViewController.swift */ = {isa = PBXFileReference; lastKnownFileType = sourcecode.swift; path = BaseViewController.swift; sourceTree = "<group>"; };
		6CD343042473CA880011AD46 /* BaseViewModel.swift */ = {isa = PBXFileReference; lastKnownFileType = sourcecode.swift; path = BaseViewModel.swift; sourceTree = "<group>"; };
		6CD343162474D99A0011AD46 /* ReaderBottomBar.swift */ = {isa = PBXFileReference; lastKnownFileType = sourcecode.swift; path = ReaderBottomBar.swift; sourceTree = "<group>"; };
		6CD3431E2475002E0011AD46 /* reader_bg@2x.png */ = {isa = PBXFileReference; lastKnownFileType = image.png; path = "reader_bg@2x.png"; sourceTree = "<group>"; };
		6CEE5FB825E0A770007AB39A /* PoReader.entitlements */ = {isa = PBXFileReference; lastKnownFileType = text.plist.entitlements; path = PoReader.entitlements; sourceTree = "<group>"; };
		70BF6A19526F63B7470DD5F3 /* Pods-PoReader.release.xcconfig */ = {isa = PBXFileReference; includeInIndex = 1; lastKnownFileType = text.xcconfig; name = "Pods-PoReader.release.xcconfig"; path = "Target Support Files/Pods-PoReader/Pods-PoReader.release.xcconfig"; sourceTree = "<group>"; };
		7D83AAAD5946268B9DA7A3FC /* Pods-PoReaderTests.release.xcconfig */ = {isa = PBXFileReference; includeInIndex = 1; lastKnownFileType = text.xcconfig; name = "Pods-PoReaderTests.release.xcconfig"; path = "Target Support Files/Pods-PoReaderTests/Pods-PoReaderTests.release.xcconfig"; sourceTree = "<group>"; };
		9B4C0C2D21E55C95D093E427 /* Pods-PoReader-PoReaderUITests.debug.xcconfig */ = {isa = PBXFileReference; includeInIndex = 1; lastKnownFileType = text.xcconfig; name = "Pods-PoReader-PoReaderUITests.debug.xcconfig"; path = "Target Support Files/Pods-PoReader-PoReaderUITests/Pods-PoReader-PoReaderUITests.debug.xcconfig"; sourceTree = "<group>"; };
		BBF99527C5FD7A749146ADC9 /* Pods-PoReader-PoReaderUITests.release.xcconfig */ = {isa = PBXFileReference; includeInIndex = 1; lastKnownFileType = text.xcconfig; name = "Pods-PoReader-PoReaderUITests.release.xcconfig"; path = "Target Support Files/Pods-PoReader-PoReaderUITests/Pods-PoReader-PoReaderUITests.release.xcconfig"; sourceTree = "<group>"; };
/* End PBXFileReference section */

/* Begin PBXFrameworksBuildPhase section */
		6C2C570C24725B1B00265AAE /* Frameworks */ = {
			isa = PBXFrameworksBuildPhase;
			buildActionMask = 2147483647;
			files = (
				C94112DE2710C12EEDEE51B9 /* Pods_PoReader.framework in Frameworks */,
			);
			runOnlyForDeploymentPostprocessing = 0;
		};
		6C2C572224725B1E00265AAE /* Frameworks */ = {
			isa = PBXFrameworksBuildPhase;
			buildActionMask = 2147483647;
			files = (
				787A79F91D7E2E4E69387066 /* Pods_PoReaderTests.framework in Frameworks */,
			);
			runOnlyForDeploymentPostprocessing = 0;
		};
		6C2C572D24725B1E00265AAE /* Frameworks */ = {
			isa = PBXFrameworksBuildPhase;
			buildActionMask = 2147483647;
			files = (
				A8C1699A827FAC6E3C564F29 /* Pods_PoReader_PoReaderUITests.framework in Frameworks */,
			);
			runOnlyForDeploymentPostprocessing = 0;
		};
/* End PBXFrameworksBuildPhase section */

/* Begin PBXGroup section */
		6C2C570624725B1B00265AAE = {
			isa = PBXGroup;
			children = (
				6C2C571124725B1B00265AAE /* PoReader */,
				6C2C572824725B1E00265AAE /* PoReaderTests */,
				6C2C573324725B1E00265AAE /* PoReaderUITests */,
				6C2C571024725B1B00265AAE /* Products */,
				C1CE8DE04E64D7042349A577 /* Pods */,
				BACB3D08EAD4CCEA229A8685 /* Frameworks */,
			);
			sourceTree = "<group>";
		};
		6C2C571024725B1B00265AAE /* Products */ = {
			isa = PBXGroup;
			children = (
				6C2C570F24725B1B00265AAE /* PoReader.app */,
				6C2C572524725B1E00265AAE /* PoReaderTests.xctest */,
				6C2C573024725B1E00265AAE /* PoReaderUITests.xctest */,
			);
			name = Products;
			sourceTree = "<group>";
		};
		6C2C571124725B1B00265AAE /* PoReader */ = {
			isa = PBXGroup;
			children = (
				6CEE5FB825E0A770007AB39A /* PoReader.entitlements */,
				6C2C571224725B1B00265AAE /* AppDelegate.swift */,
				6C46427C247CED2400D8E70B /* Sections */,
				6C464279247CED2400D8E70B /* Utilities */,
				6C46428A247E4A7100D8E70B /* Database */,
				6C46427A247CED2400D8E70B /* Macros */,
				6C46427B247CED2400D8E70B /* Vendors */,
				6C2C57582473BEA100265AAE /* Resource */,
				6C2C571824725B1B00265AAE /* Main.storyboard */,
				6C2C571B24725B1E00265AAE /* Assets.xcassets */,
				6C2C571D24725B1E00265AAE /* LaunchScreen.storyboard */,
				6C2C572024725B1E00265AAE /* Info.plist */,
			);
			path = PoReader;
			sourceTree = "<group>";
		};
		6C2C572824725B1E00265AAE /* PoReaderTests */ = {
			isa = PBXGroup;
			children = (
				6C2C572924725B1E00265AAE /* PoReaderTests.swift */,
				6C2C572B24725B1E00265AAE /* Info.plist */,
			);
			path = PoReaderTests;
			sourceTree = "<group>";
		};
		6C2C573324725B1E00265AAE /* PoReaderUITests */ = {
			isa = PBXGroup;
			children = (
				6C2C573424725B1E00265AAE /* PoReaderUITests.swift */,
				6C2C573624725B1E00265AAE /* Info.plist */,
			);
			path = PoReaderUITests;
			sourceTree = "<group>";
		};
		6C2C574224725BA000265AAE /* Reader */ = {
			isa = PBXGroup;
			children = (
				6C6006612476177100896604 /* Controller */,
				6C60065F2476177000896604 /* Model */,
				6C6006602476177000896604 /* View */,
			);
			path = Reader;
			sourceTree = "<group>";
		};
		6C2C57532473BE6300265AAE /* Main */ = {
			isa = PBXGroup;
			children = (
				6C2C57542473BE6300265AAE /* ViewModel */,
				6C2C57552473BE6300265AAE /* Controller */,
				6C2C57562473BE6300265AAE /* Model */,
				6C2C57572473BE6300265AAE /* View */,
			);
			path = Main;
			sourceTree = "<group>";
		};
		6C2C57542473BE6300265AAE /* ViewModel */ = {
			isa = PBXGroup;
			children = (
				6CD342FD2473C9000011AD46 /* MainViewModel.swift */,
			);
			path = ViewModel;
			sourceTree = "<group>";
		};
		6C2C57552473BE6300265AAE /* Controller */ = {
			isa = PBXGroup;
			children = (
				6C2C571624725B1B00265AAE /* MainViewController.swift */,
				6C60066A24766F4B00896604 /* UploaderViewController.swift */,
			);
			path = Controller;
			sourceTree = "<group>";
		};
		6C2C57562473BE6300265AAE /* Model */ = {
			isa = PBXGroup;
			children = (
				6CD342FF2473C95C0011AD46 /* BookModel.swift */,
			);
			path = Model;
			sourceTree = "<group>";
		};
		6C2C57572473BE6300265AAE /* View */ = {
			isa = PBXGroup;
			children = (
				6CC98B542473C3410051135E /* BookCell.swift */,
			);
			path = View;
			sourceTree = "<group>";
		};
		6C2C57582473BEA100265AAE /* Resource */ = {
			isa = PBXGroup;
			children = (
				6CD34319247500110011AD46 /* Images */,
			);
			path = Resource;
			sourceTree = "<group>";
		};
		6C464279247CED2400D8E70B /* Utilities */ = {
			isa = PBXGroup;
			children = (
				6C60065E2476177000896604 /* Extension */,
				6C60066E24776BAB00896604 /* PropertyWrapper.swift */,
			);
			path = Utilities;
			sourceTree = "<group>";
		};
		6C46427A247CED2400D8E70B /* Macros */ = {
			isa = PBXGroup;
			children = (
				6C4642AD247F4E8400D8E70B /* Constants.swift */,
				6C4642AF247F912A00D8E70B /* Appearance.swift */,
			);
			path = Macros;
			sourceTree = "<group>";
		};
		6C46427B247CED2400D8E70B /* Vendors */ = {
			isa = PBXGroup;
			children = (
				6C46427D247CEDB400D8E70B /* PoNavigationBar */,
				6C60066824761D7100896604 /* PoSentinel.swift */,
				6C60066624761D4300896604 /* PoAsyncLayer.swift */,
				6C60067224777D1E00896604 /* PoSQLite.swift */,
			);
			path = Vendors;
			sourceTree = "<group>";
		};
		6C46427C247CED2400D8E70B /* Sections */ = {
			isa = PBXGroup;
			children = (
				6C2C57532473BE6300265AAE /* Main */,
				6C2C574224725BA000265AAE /* Reader */,
				6CD343012473C9F20011AD46 /* Base */,
			);
			path = Sections;
			sourceTree = "<group>";
		};
		6C46427D247CEDB400D8E70B /* PoNavigationBar */ = {
			isa = PBXGroup;
			children = (
				6C46427E247CEDB400D8E70B /* UIViewController+Extension.swift */,
				6C46427F247CEDB400D8E70B /* PoNavigationController.swift */,
				6C464280247CEDB400D8E70B /* PoNavigationBarConfigure.swift */,
			);
			path = PoNavigationBar;
			sourceTree = "<group>";
		};
		6C46428A247E4A7100D8E70B /* Database */ = {
			isa = PBXGroup;
			children = (
				6C46428B247E4A8D00D8E70B /* Database.swift */,
			);
			path = Database;
			sourceTree = "<group>";
		};
		6C60065E2476177000896604 /* Extension */ = {
			isa = PBXGroup;
			children = (
				6C2C57492472605E00265AAE /* String+Extension.swift */,
				6C600662247617DE00896604 /* UIDevice+Extension.swift */,
				6C60067024776EDA00896604 /* UserDefaults+Extension.swift */,
				6C464288247E162300D8E70B /* UIColor+Extension.swift */,
			);
			path = Extension;
			sourceTree = "<group>";
		};
		6C60065F2476177000896604 /* Model */ = {
			isa = PBXGroup;
			children = (
				6C2C574524725CF600265AAE /* PageViewControllerDataSource.swift */,
				6C2C574724725F5D00265AAE /* ChapterModel.swift */,
			);
			path = Model;
			sourceTree = "<group>";
		};
		6C6006602476177000896604 /* View */ = {
			isa = PBXGroup;
			children = (
				6C2C574D24726E3600265AAE /* PageItem.swift */,
				6C4642B62480F1C100D8E70B /* ReversePageItem.swift */,
				6CD343162474D99A0011AD46 /* ReaderBottomBar.swift */,
			);
			path = View;
			sourceTree = "<group>";
		};
		6C6006612476177100896604 /* Controller */ = {
			isa = PBXGroup;
			children = (
				6C2C574324725BD600265AAE /* ReaderViewController.swift */,
			);
			path = Controller;
			sourceTree = "<group>";
		};
		6CD343012473C9F20011AD46 /* Base */ = {
			isa = PBXGroup;
			children = (
				6CD343042473CA880011AD46 /* BaseViewModel.swift */,
				6CD343022473CA040011AD46 /* BaseViewController.swift */,
				6C464284247CEE2C00D8E70B /* BaseNavigationController.swift */,
			);
			path = Base;
			sourceTree = "<group>";
		};
		6CD34319247500110011AD46 /* Images */ = {
			isa = PBXGroup;
			children = (
				6C6006762479291900896604 /* choose_check@2x.png */,
				6C6006742479290900896604 /* choose_uncheck@2x.png */,
				6CD3431E2475002E0011AD46 /* reader_bg@2x.png */,
			);
			path = Images;
			sourceTree = "<group>";
		};
		BACB3D08EAD4CCEA229A8685 /* Frameworks */ = {
			isa = PBXGroup;
			children = (
				4DAA309BE0B1C766B8F9DB09 /* Pods_PoReader.framework */,
				06DB14931417AA0CECC696DD /* Pods_PoReader_PoReaderUITests.framework */,
				67F65485CED7BF9138D4EA9A /* Pods_PoReaderTests.framework */,
			);
			name = Frameworks;
			sourceTree = "<group>";
		};
		C1CE8DE04E64D7042349A577 /* Pods */ = {
			isa = PBXGroup;
			children = (
				663847736221DBE9E2AFAEF3 /* Pods-PoReader.debug.xcconfig */,
				70BF6A19526F63B7470DD5F3 /* Pods-PoReader.release.xcconfig */,
				9B4C0C2D21E55C95D093E427 /* Pods-PoReader-PoReaderUITests.debug.xcconfig */,
				BBF99527C5FD7A749146ADC9 /* Pods-PoReader-PoReaderUITests.release.xcconfig */,
				46ED50B3131B5D523F36AACC /* Pods-PoReaderTests.debug.xcconfig */,
				7D83AAAD5946268B9DA7A3FC /* Pods-PoReaderTests.release.xcconfig */,
			);
			path = Pods;
			sourceTree = "<group>";
		};
/* End PBXGroup section */

/* Begin PBXNativeTarget section */
		6C2C570E24725B1B00265AAE /* PoReader */ = {
			isa = PBXNativeTarget;
			buildConfigurationList = 6C2C573924725B1E00265AAE /* Build configuration list for PBXNativeTarget "PoReader" */;
			buildPhases = (
				32B38F17D30E01CE228925DD /* [CP] Check Pods Manifest.lock */,
				6C2C570B24725B1B00265AAE /* Sources */,
				6C2C570C24725B1B00265AAE /* Frameworks */,
				6C2C570D24725B1B00265AAE /* Resources */,
				D36CAC12380888B2E79E8FC8 /* [CP] Embed Pods Frameworks */,
			);
			buildRules = (
			);
			dependencies = (
			);
			name = PoReader;
			productName = PoReader;
			productReference = 6C2C570F24725B1B00265AAE /* PoReader.app */;
			productType = "com.apple.product-type.application";
		};
		6C2C572424725B1E00265AAE /* PoReaderTests */ = {
			isa = PBXNativeTarget;
			buildConfigurationList = 6C2C573C24725B1E00265AAE /* Build configuration list for PBXNativeTarget "PoReaderTests" */;
			buildPhases = (
				3E2CFA3D93B338F76EEA2B9B /* [CP] Check Pods Manifest.lock */,
				6C2C572124725B1E00265AAE /* Sources */,
				6C2C572224725B1E00265AAE /* Frameworks */,
				6C2C572324725B1E00265AAE /* Resources */,
			);
			buildRules = (
			);
			dependencies = (
				6C2C572724725B1E00265AAE /* PBXTargetDependency */,
			);
			name = PoReaderTests;
			productName = PoReaderTests;
			productReference = 6C2C572524725B1E00265AAE /* PoReaderTests.xctest */;
			productType = "com.apple.product-type.bundle.unit-test";
		};
		6C2C572F24725B1E00265AAE /* PoReaderUITests */ = {
			isa = PBXNativeTarget;
			buildConfigurationList = 6C2C573F24725B1E00265AAE /* Build configuration list for PBXNativeTarget "PoReaderUITests" */;
			buildPhases = (
				FF81C78D0A430DF5FFFC37FD /* [CP] Check Pods Manifest.lock */,
				6C2C572C24725B1E00265AAE /* Sources */,
				6C2C572D24725B1E00265AAE /* Frameworks */,
				6C2C572E24725B1E00265AAE /* Resources */,
				FEB63236F255245EFC8A35C9 /* [CP] Embed Pods Frameworks */,
			);
			buildRules = (
			);
			dependencies = (
				6C2C573224725B1E00265AAE /* PBXTargetDependency */,
			);
			name = PoReaderUITests;
			productName = PoReaderUITests;
			productReference = 6C2C573024725B1E00265AAE /* PoReaderUITests.xctest */;
			productType = "com.apple.product-type.bundle.ui-testing";
		};
/* End PBXNativeTarget section */

/* Begin PBXProject section */
		6C2C570724725B1B00265AAE /* Project object */ = {
			isa = PBXProject;
			attributes = {
				LastSwiftUpdateCheck = 1140;
				LastUpgradeCheck = 1200;
				ORGANIZATIONNAME = potato;
				TargetAttributes = {
					6C2C570E24725B1B00265AAE = {
						CreatedOnToolsVersion = 11.4.1;
					};
					6C2C572424725B1E00265AAE = {
						CreatedOnToolsVersion = 11.4.1;
						TestTargetID = 6C2C570E24725B1B00265AAE;
					};
					6C2C572F24725B1E00265AAE = {
						CreatedOnToolsVersion = 11.4.1;
						TestTargetID = 6C2C570E24725B1B00265AAE;
					};
				};
			};
			buildConfigurationList = 6C2C570A24725B1B00265AAE /* Build configuration list for PBXProject "PoReader" */;
			compatibilityVersion = "Xcode 9.3";
			developmentRegion = en;
			hasScannedForEncodings = 0;
			knownRegions = (
				en,
				Base,
			);
			mainGroup = 6C2C570624725B1B00265AAE;
			productRefGroup = 6C2C571024725B1B00265AAE /* Products */;
			projectDirPath = "";
			projectRoot = "";
			targets = (
				6C2C570E24725B1B00265AAE /* PoReader */,
				6C2C572424725B1E00265AAE /* PoReaderTests */,
				6C2C572F24725B1E00265AAE /* PoReaderUITests */,
			);
		};
/* End PBXProject section */

/* Begin PBXResourcesBuildPhase section */
		6C2C570D24725B1B00265AAE /* Resources */ = {
			isa = PBXResourcesBuildPhase;
			buildActionMask = 2147483647;
			files = (
				6C2C571F24725B1E00265AAE /* LaunchScreen.storyboard in Resources */,
				6CD343262475002E0011AD46 /* reader_bg@2x.png in Resources */,
				6C2C571C24725B1E00265AAE /* Assets.xcassets in Resources */,
				6C2C571A24725B1B00265AAE /* Main.storyboard in Resources */,
				6C6006752479290900896604 /* choose_uncheck@2x.png in Resources */,
				6C6006772479291900896604 /* choose_check@2x.png in Resources */,
			);
			runOnlyForDeploymentPostprocessing = 0;
		};
		6C2C572324725B1E00265AAE /* Resources */ = {
			isa = PBXResourcesBuildPhase;
			buildActionMask = 2147483647;
			files = (
			);
			runOnlyForDeploymentPostprocessing = 0;
		};
		6C2C572E24725B1E00265AAE /* Resources */ = {
			isa = PBXResourcesBuildPhase;
			buildActionMask = 2147483647;
			files = (
			);
			runOnlyForDeploymentPostprocessing = 0;
		};
/* End PBXResourcesBuildPhase section */

/* Begin PBXShellScriptBuildPhase section */
		32B38F17D30E01CE228925DD /* [CP] Check Pods Manifest.lock */ = {
			isa = PBXShellScriptBuildPhase;
			buildActionMask = 2147483647;
			files = (
			);
			inputFileListPaths = (
			);
			inputPaths = (
				"${PODS_PODFILE_DIR_PATH}/Podfile.lock",
				"${PODS_ROOT}/Manifest.lock",
			);
			name = "[CP] Check Pods Manifest.lock";
			outputFileListPaths = (
			);
			outputPaths = (
				"$(DERIVED_FILE_DIR)/Pods-PoReader-checkManifestLockResult.txt",
			);
			runOnlyForDeploymentPostprocessing = 0;
			shellPath = /bin/sh;
			shellScript = "diff \"${PODS_PODFILE_DIR_PATH}/Podfile.lock\" \"${PODS_ROOT}/Manifest.lock\" > /dev/null\nif [ $? != 0 ] ; then\n    # print error to STDERR\n    echo \"error: The sandbox is not in sync with the Podfile.lock. Run 'pod install' or update your CocoaPods installation.\" >&2\n    exit 1\nfi\n# This output is used by Xcode 'outputs' to avoid re-running this script phase.\necho \"SUCCESS\" > \"${SCRIPT_OUTPUT_FILE_0}\"\n";
			showEnvVarsInLog = 0;
		};
		3E2CFA3D93B338F76EEA2B9B /* [CP] Check Pods Manifest.lock */ = {
			isa = PBXShellScriptBuildPhase;
			buildActionMask = 2147483647;
			files = (
			);
			inputFileListPaths = (
			);
			inputPaths = (
				"${PODS_PODFILE_DIR_PATH}/Podfile.lock",
				"${PODS_ROOT}/Manifest.lock",
			);
			name = "[CP] Check Pods Manifest.lock";
			outputFileListPaths = (
			);
			outputPaths = (
				"$(DERIVED_FILE_DIR)/Pods-PoReaderTests-checkManifestLockResult.txt",
			);
			runOnlyForDeploymentPostprocessing = 0;
			shellPath = /bin/sh;
			shellScript = "diff \"${PODS_PODFILE_DIR_PATH}/Podfile.lock\" \"${PODS_ROOT}/Manifest.lock\" > /dev/null\nif [ $? != 0 ] ; then\n    # print error to STDERR\n    echo \"error: The sandbox is not in sync with the Podfile.lock. Run 'pod install' or update your CocoaPods installation.\" >&2\n    exit 1\nfi\n# This output is used by Xcode 'outputs' to avoid re-running this script phase.\necho \"SUCCESS\" > \"${SCRIPT_OUTPUT_FILE_0}\"\n";
			showEnvVarsInLog = 0;
		};
		D36CAC12380888B2E79E8FC8 /* [CP] Embed Pods Frameworks */ = {
			isa = PBXShellScriptBuildPhase;
			buildActionMask = 2147483647;
			files = (
			);
			inputFileListPaths = (
				"${PODS_ROOT}/Target Support Files/Pods-PoReader/Pods-PoReader-frameworks-${CONFIGURATION}-input-files.xcfilelist",
			);
			name = "[CP] Embed Pods Frameworks";
			outputFileListPaths = (
				"${PODS_ROOT}/Target Support Files/Pods-PoReader/Pods-PoReader-frameworks-${CONFIGURATION}-output-files.xcfilelist",
			);
			runOnlyForDeploymentPostprocessing = 0;
			shellPath = /bin/sh;
			shellScript = "\"${PODS_ROOT}/Target Support Files/Pods-PoReader/Pods-PoReader-frameworks.sh\"\n";
			showEnvVarsInLog = 0;
		};
		FEB63236F255245EFC8A35C9 /* [CP] Embed Pods Frameworks */ = {
			isa = PBXShellScriptBuildPhase;
			buildActionMask = 2147483647;
			files = (
			);
			inputFileListPaths = (
				"${PODS_ROOT}/Target Support Files/Pods-PoReader-PoReaderUITests/Pods-PoReader-PoReaderUITests-frameworks-${CONFIGURATION}-input-files.xcfilelist",
			);
			name = "[CP] Embed Pods Frameworks";
			outputFileListPaths = (
				"${PODS_ROOT}/Target Support Files/Pods-PoReader-PoReaderUITests/Pods-PoReader-PoReaderUITests-frameworks-${CONFIGURATION}-output-files.xcfilelist",
			);
			runOnlyForDeploymentPostprocessing = 0;
			shellPath = /bin/sh;
			shellScript = "\"${PODS_ROOT}/Target Support Files/Pods-PoReader-PoReaderUITests/Pods-PoReader-PoReaderUITests-frameworks.sh\"\n";
			showEnvVarsInLog = 0;
		};
		FF81C78D0A430DF5FFFC37FD /* [CP] Check Pods Manifest.lock */ = {
			isa = PBXShellScriptBuildPhase;
			buildActionMask = 2147483647;
			files = (
			);
			inputFileListPaths = (
			);
			inputPaths = (
				"${PODS_PODFILE_DIR_PATH}/Podfile.lock",
				"${PODS_ROOT}/Manifest.lock",
			);
			name = "[CP] Check Pods Manifest.lock";
			outputFileListPaths = (
			);
			outputPaths = (
				"$(DERIVED_FILE_DIR)/Pods-PoReader-PoReaderUITests-checkManifestLockResult.txt",
			);
			runOnlyForDeploymentPostprocessing = 0;
			shellPath = /bin/sh;
			shellScript = "diff \"${PODS_PODFILE_DIR_PATH}/Podfile.lock\" \"${PODS_ROOT}/Manifest.lock\" > /dev/null\nif [ $? != 0 ] ; then\n    # print error to STDERR\n    echo \"error: The sandbox is not in sync with the Podfile.lock. Run 'pod install' or update your CocoaPods installation.\" >&2\n    exit 1\nfi\n# This output is used by Xcode 'outputs' to avoid re-running this script phase.\necho \"SUCCESS\" > \"${SCRIPT_OUTPUT_FILE_0}\"\n";
			showEnvVarsInLog = 0;
		};
/* End PBXShellScriptBuildPhase section */

/* Begin PBXSourcesBuildPhase section */
		6C2C570B24725B1B00265AAE /* Sources */ = {
			isa = PBXSourcesBuildPhase;
			buildActionMask = 2147483647;
			files = (
				6CC98B552473C3410051135E /* BookCell.swift in Sources */,
				6C2C574624725CF600265AAE /* PageViewControllerDataSource.swift in Sources */,
				6C60066B24766F4B00896604 /* UploaderViewController.swift in Sources */,
				6C464282247CEDB400D8E70B /* PoNavigationController.swift in Sources */,
				6C60066924761D7100896604 /* PoSentinel.swift in Sources */,
				6C2C571724725B1B00265AAE /* MainViewController.swift in Sources */,
				6C464283247CEDB400D8E70B /* PoNavigationBarConfigure.swift in Sources */,
				6CD343002473C95C0011AD46 /* BookModel.swift in Sources */,
				6C4642B0247F912A00D8E70B /* Appearance.swift in Sources */,
				6CD343032473CA040011AD46 /* BaseViewController.swift in Sources */,
				6C60066F24776BAB00896604 /* PropertyWrapper.swift in Sources */,
				6C4642AE247F4E8400D8E70B /* Constants.swift in Sources */,
				6C2C571324725B1B00265AAE /* AppDelegate.swift in Sources */,
				6C60067324777D1E00896604 /* PoSQLite.swift in Sources */,
				6C60066724761D4300896604 /* PoAsyncLayer.swift in Sources */,
				6C464281247CEDB400D8E70B /* UIViewController+Extension.swift in Sources */,
				6CD343172474D99A0011AD46 /* ReaderBottomBar.swift in Sources */,
				6C60067124776EDA00896604 /* UserDefaults+Extension.swift in Sources */,
				6CD343052473CA880011AD46 /* BaseViewModel.swift in Sources */,
				6CD342FE2473C9000011AD46 /* MainViewModel.swift in Sources */,
				6C2C574424725BD600265AAE /* ReaderViewController.swift in Sources */,
				6C2C574E24726E3600265AAE /* PageItem.swift in Sources */,
				6C2C574A2472605E00265AAE /* String+Extension.swift in Sources */,
				6C600663247617DE00896604 /* UIDevice+Extension.swift in Sources */,
				6C464289247E162300D8E70B /* UIColor+Extension.swift in Sources */,
				6C46428C247E4A8D00D8E70B /* Database.swift in Sources */,
				6C464285247CEE2C00D8E70B /* BaseNavigationController.swift in Sources */,
				6C4642B72480F1C100D8E70B /* ReversePageItem.swift in Sources */,
				6C2C574824725F5D00265AAE /* ChapterModel.swift in Sources */,
			);
			runOnlyForDeploymentPostprocessing = 0;
		};
		6C2C572124725B1E00265AAE /* Sources */ = {
			isa = PBXSourcesBuildPhase;
			buildActionMask = 2147483647;
			files = (
				6C2C572A24725B1E00265AAE /* PoReaderTests.swift in Sources */,
			);
			runOnlyForDeploymentPostprocessing = 0;
		};
		6C2C572C24725B1E00265AAE /* Sources */ = {
			isa = PBXSourcesBuildPhase;
			buildActionMask = 2147483647;
			files = (
				6C2C573524725B1E00265AAE /* PoReaderUITests.swift in Sources */,
			);
			runOnlyForDeploymentPostprocessing = 0;
		};
/* End PBXSourcesBuildPhase section */

/* Begin PBXTargetDependency section */
		6C2C572724725B1E00265AAE /* PBXTargetDependency */ = {
			isa = PBXTargetDependency;
			target = 6C2C570E24725B1B00265AAE /* PoReader */;
			targetProxy = 6C2C572624725B1E00265AAE /* PBXContainerItemProxy */;
		};
		6C2C573224725B1E00265AAE /* PBXTargetDependency */ = {
			isa = PBXTargetDependency;
			target = 6C2C570E24725B1B00265AAE /* PoReader */;
			targetProxy = 6C2C573124725B1E00265AAE /* PBXContainerItemProxy */;
		};
/* End PBXTargetDependency section */

/* Begin PBXVariantGroup section */
		6C2C571824725B1B00265AAE /* Main.storyboard */ = {
			isa = PBXVariantGroup;
			children = (
				6C2C571924725B1B00265AAE /* Base */,
			);
			name = Main.storyboard;
			sourceTree = "<group>";
		};
		6C2C571D24725B1E00265AAE /* LaunchScreen.storyboard */ = {
			isa = PBXVariantGroup;
			children = (
				6C2C571E24725B1E00265AAE /* Base */,
			);
			name = LaunchScreen.storyboard;
			sourceTree = "<group>";
		};
/* End PBXVariantGroup section */

/* Begin XCBuildConfiguration section */
		6C2C573724725B1E00265AAE /* Debug */ = {
			isa = XCBuildConfiguration;
			buildSettings = {
				ALWAYS_SEARCH_USER_PATHS = NO;
				CLANG_ANALYZER_NONNULL = YES;
				CLANG_ANALYZER_NUMBER_OBJECT_CONVERSION = YES_AGGRESSIVE;
				CLANG_CXX_LANGUAGE_STANDARD = "gnu++14";
				CLANG_CXX_LIBRARY = "libc++";
				CLANG_ENABLE_MODULES = YES;
				CLANG_ENABLE_OBJC_ARC = YES;
				CLANG_ENABLE_OBJC_WEAK = YES;
				CLANG_WARN_BLOCK_CAPTURE_AUTORELEASING = YES;
				CLANG_WARN_BOOL_CONVERSION = YES;
				CLANG_WARN_COMMA = YES;
				CLANG_WARN_CONSTANT_CONVERSION = YES;
				CLANG_WARN_DEPRECATED_OBJC_IMPLEMENTATIONS = YES;
				CLANG_WARN_DIRECT_OBJC_ISA_USAGE = YES_ERROR;
				CLANG_WARN_DOCUMENTATION_COMMENTS = YES;
				CLANG_WARN_EMPTY_BODY = YES;
				CLANG_WARN_ENUM_CONVERSION = YES;
				CLANG_WARN_INFINITE_RECURSION = YES;
				CLANG_WARN_INT_CONVERSION = YES;
				CLANG_WARN_NON_LITERAL_NULL_CONVERSION = YES;
				CLANG_WARN_OBJC_IMPLICIT_RETAIN_SELF = YES;
				CLANG_WARN_OBJC_LITERAL_CONVERSION = YES;
				CLANG_WARN_OBJC_ROOT_CLASS = YES_ERROR;
				CLANG_WARN_QUOTED_INCLUDE_IN_FRAMEWORK_HEADER = YES;
				CLANG_WARN_RANGE_LOOP_ANALYSIS = YES;
				CLANG_WARN_STRICT_PROTOTYPES = YES;
				CLANG_WARN_SUSPICIOUS_MOVE = YES;
				CLANG_WARN_UNGUARDED_AVAILABILITY = YES_AGGRESSIVE;
				CLANG_WARN_UNREACHABLE_CODE = YES;
				CLANG_WARN__DUPLICATE_METHOD_MATCH = YES;
				COPY_PHASE_STRIP = NO;
				DEBUG_INFORMATION_FORMAT = dwarf;
				ENABLE_STRICT_OBJC_MSGSEND = YES;
				ENABLE_TESTABILITY = YES;
				GCC_C_LANGUAGE_STANDARD = gnu11;
				GCC_DYNAMIC_NO_PIC = NO;
				GCC_NO_COMMON_BLOCKS = YES;
				GCC_OPTIMIZATION_LEVEL = 0;
				GCC_PREPROCESSOR_DEFINITIONS = (
					"DEBUG=1",
					"$(inherited)",
				);
				GCC_WARN_64_TO_32_BIT_CONVERSION = YES;
				GCC_WARN_ABOUT_RETURN_TYPE = YES_ERROR;
				GCC_WARN_UNDECLARED_SELECTOR = YES;
				GCC_WARN_UNINITIALIZED_AUTOS = YES_AGGRESSIVE;
				GCC_WARN_UNUSED_FUNCTION = YES;
				GCC_WARN_UNUSED_VARIABLE = YES;
				IPHONEOS_DEPLOYMENT_TARGET = 13.4;
				MTL_ENABLE_DEBUG_INFO = INCLUDE_SOURCE;
				MTL_FAST_MATH = YES;
				ONLY_ACTIVE_ARCH = YES;
				SDKROOT = iphoneos;
				SWIFT_ACTIVE_COMPILATION_CONDITIONS = DEBUG;
				SWIFT_OPTIMIZATION_LEVEL = "-Onone";
			};
			name = Debug;
		};
		6C2C573824725B1E00265AAE /* Release */ = {
			isa = XCBuildConfiguration;
			buildSettings = {
				ALWAYS_SEARCH_USER_PATHS = NO;
				CLANG_ANALYZER_NONNULL = YES;
				CLANG_ANALYZER_NUMBER_OBJECT_CONVERSION = YES_AGGRESSIVE;
				CLANG_CXX_LANGUAGE_STANDARD = "gnu++14";
				CLANG_CXX_LIBRARY = "libc++";
				CLANG_ENABLE_MODULES = YES;
				CLANG_ENABLE_OBJC_ARC = YES;
				CLANG_ENABLE_OBJC_WEAK = YES;
				CLANG_WARN_BLOCK_CAPTURE_AUTORELEASING = YES;
				CLANG_WARN_BOOL_CONVERSION = YES;
				CLANG_WARN_COMMA = YES;
				CLANG_WARN_CONSTANT_CONVERSION = YES;
				CLANG_WARN_DEPRECATED_OBJC_IMPLEMENTATIONS = YES;
				CLANG_WARN_DIRECT_OBJC_ISA_USAGE = YES_ERROR;
				CLANG_WARN_DOCUMENTATION_COMMENTS = YES;
				CLANG_WARN_EMPTY_BODY = YES;
				CLANG_WARN_ENUM_CONVERSION = YES;
				CLANG_WARN_INFINITE_RECURSION = YES;
				CLANG_WARN_INT_CONVERSION = YES;
				CLANG_WARN_NON_LITERAL_NULL_CONVERSION = YES;
				CLANG_WARN_OBJC_IMPLICIT_RETAIN_SELF = YES;
				CLANG_WARN_OBJC_LITERAL_CONVERSION = YES;
				CLANG_WARN_OBJC_ROOT_CLASS = YES_ERROR;
				CLANG_WARN_QUOTED_INCLUDE_IN_FRAMEWORK_HEADER = YES;
				CLANG_WARN_RANGE_LOOP_ANALYSIS = YES;
				CLANG_WARN_STRICT_PROTOTYPES = YES;
				CLANG_WARN_SUSPICIOUS_MOVE = YES;
				CLANG_WARN_UNGUARDED_AVAILABILITY = YES_AGGRESSIVE;
				CLANG_WARN_UNREACHABLE_CODE = YES;
				CLANG_WARN__DUPLICATE_METHOD_MATCH = YES;
				COPY_PHASE_STRIP = NO;
				DEBUG_INFORMATION_FORMAT = "dwarf-with-dsym";
				ENABLE_NS_ASSERTIONS = NO;
				ENABLE_STRICT_OBJC_MSGSEND = YES;
				GCC_C_LANGUAGE_STANDARD = gnu11;
				GCC_NO_COMMON_BLOCKS = YES;
				GCC_WARN_64_TO_32_BIT_CONVERSION = YES;
				GCC_WARN_ABOUT_RETURN_TYPE = YES_ERROR;
				GCC_WARN_UNDECLARED_SELECTOR = YES;
				GCC_WARN_UNINITIALIZED_AUTOS = YES_AGGRESSIVE;
				GCC_WARN_UNUSED_FUNCTION = YES;
				GCC_WARN_UNUSED_VARIABLE = YES;
				IPHONEOS_DEPLOYMENT_TARGET = 13.4;
				MTL_ENABLE_DEBUG_INFO = NO;
				MTL_FAST_MATH = YES;
				SDKROOT = iphoneos;
				SWIFT_COMPILATION_MODE = wholemodule;
				SWIFT_OPTIMIZATION_LEVEL = "-O";
				VALIDATE_PRODUCT = YES;
			};
			name = Release;
		};
		6C2C573A24725B1E00265AAE /* Debug */ = {
			isa = XCBuildConfiguration;
			baseConfigurationReference = 663847736221DBE9E2AFAEF3 /* Pods-PoReader.debug.xcconfig */;
			buildSettings = {
				ASSETCATALOG_COMPILER_APPICON_NAME = AppIcon;
				CODE_SIGN_ENTITLEMENTS = PoReader/PoReader.entitlements;
				CODE_SIGN_STYLE = Automatic;
				DEVELOPMENT_TEAM = 2UJF96QFVH;
				INFOPLIST_FILE = PoReader/Info.plist;
				IPHONEOS_DEPLOYMENT_TARGET = 10.0;
				LD_RUNPATH_SEARCH_PATHS = (
					"$(inherited)",
					"@executable_path/Frameworks",
				);
				PRODUCT_BUNDLE_IDENTIFIER = com.potato.reader1;
				PRODUCT_NAME = "$(TARGET_NAME)";
				SWIFT_VERSION = 5.0;
				TARGETED_DEVICE_FAMILY = 1;
			};
			name = Debug;
		};
		6C2C573B24725B1E00265AAE /* Release */ = {
			isa = XCBuildConfiguration;
			baseConfigurationReference = 70BF6A19526F63B7470DD5F3 /* Pods-PoReader.release.xcconfig */;
			buildSettings = {
				ASSETCATALOG_COMPILER_APPICON_NAME = AppIcon;
				CODE_SIGN_ENTITLEMENTS = PoReader/PoReader.entitlements;
				CODE_SIGN_STYLE = Automatic;
				DEVELOPMENT_TEAM = 2UJF96QFVH;
				INFOPLIST_FILE = PoReader/Info.plist;
				IPHONEOS_DEPLOYMENT_TARGET = 10.0;
				LD_RUNPATH_SEARCH_PATHS = (
					"$(inherited)",
					"@executable_path/Frameworks",
				);
				PRODUCT_BUNDLE_IDENTIFIER = com.potato.reader1;
				PRODUCT_NAME = "$(TARGET_NAME)";
				SWIFT_VERSION = 5.0;
				TARGETED_DEVICE_FAMILY = 1;
			};
			name = Release;
		};
		6C2C573D24725B1E00265AAE /* Debug */ = {
			isa = XCBuildConfiguration;
			baseConfigurationReference = 46ED50B3131B5D523F36AACC /* Pods-PoReaderTests.debug.xcconfig */;
			buildSettings = {
				ALWAYS_EMBED_SWIFT_STANDARD_LIBRARIES = YES;
				BUNDLE_LOADER = "$(TEST_HOST)";
				CODE_SIGN_STYLE = Automatic;
				DEVELOPMENT_TEAM = HTCFQ79HMN;
				INFOPLIST_FILE = PoReaderTests/Info.plist;
				IPHONEOS_DEPLOYMENT_TARGET = 13.4;
				LD_RUNPATH_SEARCH_PATHS = (
					"$(inherited)",
					"@executable_path/Frameworks",
					"@loader_path/Frameworks",
				);
				PRODUCT_BUNDLE_IDENTIFIER = com.potato.www.PoReaderTests;
				PRODUCT_NAME = "$(TARGET_NAME)";
				SWIFT_VERSION = 5.0;
				TARGETED_DEVICE_FAMILY = "1,2";
				TEST_HOST = "$(BUILT_PRODUCTS_DIR)/PoReader.app/PoReader";
			};
			name = Debug;
		};
		6C2C573E24725B1E00265AAE /* Release */ = {
			isa = XCBuildConfiguration;
			baseConfigurationReference = 7D83AAAD5946268B9DA7A3FC /* Pods-PoReaderTests.release.xcconfig */;
			buildSettings = {
				ALWAYS_EMBED_SWIFT_STANDARD_LIBRARIES = YES;
				BUNDLE_LOADER = "$(TEST_HOST)";
				CODE_SIGN_STYLE = Automatic;
				DEVELOPMENT_TEAM = HTCFQ79HMN;
				INFOPLIST_FILE = PoReaderTests/Info.plist;
				IPHONEOS_DEPLOYMENT_TARGET = 13.4;
				LD_RUNPATH_SEARCH_PATHS = (
					"$(inherited)",
					"@executable_path/Frameworks",
					"@loader_path/Frameworks",
				);
				PRODUCT_BUNDLE_IDENTIFIER = com.potato.www.PoReaderTests;
				PRODUCT_NAME = "$(TARGET_NAME)";
				SWIFT_VERSION = 5.0;
				TARGETED_DEVICE_FAMILY = "1,2";
				TEST_HOST = "$(BUILT_PRODUCTS_DIR)/PoReader.app/PoReader";
			};
			name = Release;
		};
		6C2C574024725B1E00265AAE /* Debug */ = {
			isa = XCBuildConfiguration;
			baseConfigurationReference = 9B4C0C2D21E55C95D093E427 /* Pods-PoReader-PoReaderUITests.debug.xcconfig */;
			buildSettings = {
				ALWAYS_EMBED_SWIFT_STANDARD_LIBRARIES = YES;
				CODE_SIGN_STYLE = Automatic;
				DEVELOPMENT_TEAM = HTCFQ79HMN;
				INFOPLIST_FILE = PoReaderUITests/Info.plist;
				LD_RUNPATH_SEARCH_PATHS = (
					"$(inherited)",
					"@executable_path/Frameworks",
					"@loader_path/Frameworks",
				);
				PRODUCT_BUNDLE_IDENTIFIER = com.potato.www.PoReaderUITests;
				PRODUCT_NAME = "$(TARGET_NAME)";
				SWIFT_VERSION = 5.0;
				TARGETED_DEVICE_FAMILY = "1,2";
				TEST_TARGET_NAME = PoReader;
			};
			name = Debug;
		};
		6C2C574124725B1E00265AAE /* Release */ = {
			isa = XCBuildConfiguration;
			baseConfigurationReference = BBF99527C5FD7A749146ADC9 /* Pods-PoReader-PoReaderUITests.release.xcconfig */;
			buildSettings = {
				ALWAYS_EMBED_SWIFT_STANDARD_LIBRARIES = YES;
				CODE_SIGN_STYLE = Automatic;
				DEVELOPMENT_TEAM = HTCFQ79HMN;
				INFOPLIST_FILE = PoReaderUITests/Info.plist;
				LD_RUNPATH_SEARCH_PATHS = (
					"$(inherited)",
					"@executable_path/Frameworks",
					"@loader_path/Frameworks",
				);
				PRODUCT_BUNDLE_IDENTIFIER = com.potato.www.PoReaderUITests;
				PRODUCT_NAME = "$(TARGET_NAME)";
				SWIFT_VERSION = 5.0;
				TARGETED_DEVICE_FAMILY = "1,2";
				TEST_TARGET_NAME = PoReader;
			};
			name = Release;
		};
/* End XCBuildConfiguration section */

/* Begin XCConfigurationList section */
		6C2C570A24725B1B00265AAE /* Build configuration list for PBXProject "PoReader" */ = {
			isa = XCConfigurationList;
			buildConfigurations = (
				6C2C573724725B1E00265AAE /* Debug */,
				6C2C573824725B1E00265AAE /* Release */,
			);
			defaultConfigurationIsVisible = 0;
			defaultConfigurationName = Release;
		};
		6C2C573924725B1E00265AAE /* Build configuration list for PBXNativeTarget "PoReader" */ = {
			isa = XCConfigurationList;
			buildConfigurations = (
				6C2C573A24725B1E00265AAE /* Debug */,
				6C2C573B24725B1E00265AAE /* Release */,
			);
			defaultConfigurationIsVisible = 0;
			defaultConfigurationName = Release;
		};
		6C2C573C24725B1E00265AAE /* Build configuration list for PBXNativeTarget "PoReaderTests" */ = {
			isa = XCConfigurationList;
			buildConfigurations = (
				6C2C573D24725B1E00265AAE /* Debug */,
				6C2C573E24725B1E00265AAE /* Release */,
			);
			defaultConfigurationIsVisible = 0;
			defaultConfigurationName = Release;
		};
		6C2C573F24725B1E00265AAE /* Build configuration list for PBXNativeTarget "PoReaderUITests" */ = {
			isa = XCConfigurationList;
			buildConfigurations = (
				6C2C574024725B1E00265AAE /* Debug */,
				6C2C574124725B1E00265AAE /* Release */,
			);
			defaultConfigurationIsVisible = 0;
			defaultConfigurationName = Release;
		};
/* End XCConfigurationList section */
	};
	rootObject = 6C2C570724725B1B00265AAE /* Project object */;
}
